
Microsoft Visual Studio Solution File, Format Version 12.00
# Visual Studio Express 2013 for Web
VisualStudioVersion = 12.0.31010.0
MinimumVisualStudioVersion = 10.0.40219.1
Project("{E24C65DC-7377-472B-9ABA-BC803B73C61A}") = "MyResume(1)", "http://localhost:53428", "{DAFCBD3B-1519-45C5-849E-5A551B5DEAFF}"
	ProjectSection(WebsiteProperties) = preProject
		UseIISExpress = "true"
		TargetFrameworkMoniker = ".NETFramework,Version%3Dv4.5"
		Debug.AspNetCompiler.VirtualPath = "/localhost_53428"
		Debug.AspNetCompiler.PhysicalPath = "..\..\WebSites\MyResume\"
		Debug.AspNetCompiler.TargetPath = "PrecompiledWeb\localhost_53428\"
		Debug.AspNetCompiler.Updateable = "true"
		Debug.AspNetCompiler.ForceOverwrite = "true"
		Debug.AspNetCompiler.FixedNames = "false"
		Debug.AspNetCompiler.Debug = "True"
		Release.AspNetCompiler.VirtualPath = "/localhost_53428"
		Release.AspNetCompiler.PhysicalPath = "..\..\WebSites\MyResume\"
		Release.AspNetCompiler.TargetPath = "PrecompiledWeb\localhost_53428\"
		Release.AspNetCompiler.Updateable = "true"
		Release.AspNetCompiler.ForceOverwrite = "true"
		Release.AspNetCompiler.FixedNames = "false"
		Release.AspNetCompiler.Debug = "False"
		SlnRelativePath = "..\..\WebSites\MyResume\"
		DefaultWebSiteLanguage = "Visual C#"
	EndProjectSection
EndProject
Global
	GlobalSection(SolutionConfigurationPlatforms) = preSolution
		Debug|Any CPU = Debug|Any CPU
		Release|Any CPU = Release|Any CPU
	EndGlobalSection
	GlobalSection(ProjectConfigurationPlatforms) = postSolution
		{DAFCBD3B-1519-45C5-849E-5A551B5DEAFF}.Debug|Any CPU.ActiveCfg = Debug|Any CPU
		{DAFCBD3B-1519-45C5-849E-5A551B5DEAFF}.Debug|Any CPU.Build.0 = Debug|Any CPU
		{DAFCBD3B-1519-45C5-849E-5A551B5DEAFF}.Release|Any CPU.ActiveCfg = Debug|Any CPU
		{DAFCBD3B-1519-45C5-849E-5A551B5DEAFF}.Release|Any CPU.Build.0 = Debug|Any CPU
	EndGlobalSection
	GlobalSection(SolutionProperties) = preSolution
		HideSolutionNode = FALSE
	EndGlobalSection
EndGlobal
